
Microsoft Visual Studio Solution File, Format Version 12.00
# Visual Studio Version 17
VisualStudioVersion = 17.3.32929.385
MinimumVisualStudioVersion = 10.0.40219.1
Project("{9A19103F-16F7-4668-BE54-9A1E7A4F7556}") = "DataAccess", "DataAccess\DataAccess.csproj", "{F27AF728-AD62-45B6-B23E-FD266C6BEE6E}"
EndProject
Project("{9A19103F-16F7-4668-BE54-9A1E7A4F7556}") = "Business", "Business\Business.csproj", "{F6E0763F-108F-4A79-8834-80862CB3A476}"
EndProject
Project("{9A19103F-16F7-4668-BE54-9A1E7A4F7556}") = "Entities", "Entities\Entities.csproj", "{56D71441-BA76-4FCD-B4A1-0681DCFBC3D9}"
EndProject
Project("{9A19103F-16F7-4668-BE54-9A1E7A4F7556}") = "ConsoleUI", "ConsoleUI\ConsoleUI.csproj", "{B4B95454-F5B9-4E83-9B90-9D4C65A22178}"
EndProject
Project("{FAE04EC0-301F-11D3-BF4B-00C04F79EFBC}") = "Core", "Core\Core.csproj", "{FD36690D-C277-4AE0-AB59-DE6E2B2FF91B}"
EndProject
Global
	GlobalSection(SolutionConfigurationPlatforms) = preSolution
		Debug|Any CPU = Debug|Any CPU
		Release|Any CPU = Release|Any CPU
	EndGlobalSection
	GlobalSection(ProjectConfigurationPlatforms) = postSolution
		{F27AF728-AD62-45B6-B23E-FD266C6BEE6E}.Debug|Any CPU.ActiveCfg = Debug|Any CPU
		{F27AF728-AD62-45B6-B23E-FD266C6BEE6E}.Debug|Any CPU.Build.0 = Debug|Any CPU
		{F27AF728-AD62-45B6-B23E-FD266C6BEE6E}.Release|Any CPU.ActiveCfg = Release|Any CPU
		{F27AF728-AD62-45B6-B23E-FD266C6BEE6E}.Release|Any CPU.Build.0 = Release|Any CPU
		{F6E0763F-108F-4A79-8834-80862CB3A476}.Debug|Any CPU.ActiveCfg = Debug|Any CPU
		{F6E0763F-108F-4A79-8834-80862CB3A476}.Debug|Any CPU.Build.0 = Debug|Any CPU
		{F6E0763F-108F-4A79-8834-80862CB3A476}.Release|Any CPU.ActiveCfg = Release|Any CPU
		{F6E0763F-108F-4A79-8834-80862CB3A476}.Release|Any CPU.Build.0 = Release|Any CPU
		{56D71441-BA76-4FCD-B4A1-0681DCFBC3D9}.Debug|Any CPU.ActiveCfg = Debug|Any CPU
		{56D71441-BA76-4FCD-B4A1-0681DCFBC3D9}.Debug|Any CPU.Build.0 = Debug|Any CPU
		{56D71441-BA76-4FCD-B4A1-0681DCFBC3D9}.Release|Any CPU.ActiveCfg = Release|Any CPU
		{56D71441-BA76-4FCD-B4A1-0681DCFBC3D9}.Release|Any CPU.Build.0 = Release|Any CPU
		{B4B95454-F5B9-4E83-9B90-9D4C65A22178}.Debug|Any CPU.ActiveCfg = Debug|Any CPU
		{B4B95454-F5B9-4E83-9B90-9D4C65A22178}.Debug|Any CPU.Build.0 = Debug|Any CPU
		{B4B95454-F5B9-4E83-9B90-9D4C65A22178}.Release|Any CPU.ActiveCfg = Release|Any CPU
		{B4B95454-F5B9-4E83-9B90-9D4C65A22178}.Release|Any CPU.Build.0 = Release|Any CPU
		{FD36690D-C277-4AE0-AB59-DE6E2B2FF91B}.Debug|Any CPU.ActiveCfg = Debug|Any CPU
		{FD36690D-C277-4AE0-AB59-DE6E2B2FF91B}.Debug|Any CPU.Build.0 = Debug|Any CPU
		{FD36690D-C277-4AE0-AB59-DE6E2B2FF91B}.Release|Any CPU.ActiveCfg = Release|Any CPU
		{FD36690D-C277-4AE0-AB59-DE6E2B2FF91B}.Release|Any CPU.Build.0 = Release|Any CPU
	EndGlobalSection
	GlobalSection(SolutionProperties) = preSolution
		HideSolutionNode = FALSE
	EndGlobalSection
	GlobalSection(ExtensibilityGlobals) = postSolution
		SolutionGuid = {2BCE384A-C14C-4CC4-BFF8-DEAC77B02CE2}
	EndGlobalSection
EndGlobal
